{
  "lockfileVersion": 1,
  "configVersion": 1,
  "workspaces": {
    "": {
      "name": "glyx",
      "dependencies": {
        "@glyx/design": "workspace:*",
        "@glyx/drizzle": "workspace:*",
        "@glyx/keychain": "workspace:*",
        "@glyx/react": "workspace:*",
        "@glyx/router": "workspace:*",
        "@glyx/store": "workspace:*",
        "@glyx/testing": "workspace:*",
        "@glyx/three": "workspace:*",
        "drizzle-orm": "^0.36.4",
        "react": "^18.2.0",
        "react-reconciler": "^0.29.0",
      },
    },
    "js/packages/@glyx/design": {
      "name": "@glyx/design",
      "version": "0.1.0",
    },
    "js/packages/@glyx/drizzle": {
      "name": "@glyx/drizzle",
      "version": "0.1.0",
      "peerDependencies": {
        "drizzle-orm": ">=0.36.0",
      },
    },
    "js/packages/@glyx/keychain": {
      "name": "@glyx/keychain",
      "version": "0.1.0",
      "peerDependencies": {
        "@glyx/react": "0.1.0",
      },
    },
    "js/packages/@glyx/react": {
      "name": "@glyx/react",
      "version": "0.1.0",
      "peerDependencies": {
        "react": "^18.2.0",
        "react-reconciler": "^0.29.0",
      },
    },
    "js/packages/@glyx/router": {
      "name": "@glyx/router",
      "version": "0.1.0",
      "peerDependencies": {
        "react": "^18.2.0",
      },
    },
    "js/packages/@glyx/store": {
      "name": "@glyx/store",
      "version": "0.1.0",
      "peerDependencies": {
        "@glyx/react": "0.1.0",
        "react": "^18.2.0",
      },
    },
    "js/packages/@glyx/testing": {
      "name": "@glyx/testing",
      "version": "0.1.0",
    },
    "js/packages/@glyx/three": {
      "name": "@glyx/three",
      "version": "0.1.0",
      "peerDependencies": {
        "@glyx/react": "0.1.0",
        "react": "^18.2.0",
      },
    },
  },
  "packages": {
    "@glyx/design": ["@glyx/design@workspace:js/packages/@glyx/design"],

    "@glyx/drizzle": ["@glyx/drizzle@workspace:js/packages/@glyx/drizzle"],

    "@glyx/keychain": ["@glyx/keychain@workspace:js/packages/@glyx/keychain"],

    "@glyx/react": ["@glyx/react@workspace:js/packages/@glyx/react"],

    "@glyx/router": ["@glyx/router@workspace:js/packages/@glyx/router"],

    "@glyx/store": ["@glyx/store@workspace:js/packages/@glyx/store"],

    "@glyx/testing": ["@glyx/testing@workspace:js/packages/@glyx/testing"],

    "@glyx/three": ["@glyx/three@workspace:js/packages/@glyx/three"],

    "drizzle-orm": ["drizzle-orm@0.36.4", "", { "peerDependencies": { "@aws-sdk/client-rds-data": ">=3", "@cloudflare/workers-types": ">=3", "@electric-sql/pglite": ">=0.2.0", "@libsql/client": ">=0.10.0", "@libsql/client-wasm": ">=0.10.0", "@neondatabase/serverless": ">=0.10.0", "@op-engineering/op-sqlite": ">=2", "@opentelemetry/api": "^1.4.1", "@planetscale/database": ">=1", "@prisma/client": "*", "@tidbcloud/serverless": "*", "@types/better-sqlite3": "*", "@types/pg": "*", "@types/react": ">=18", "@types/sql.js": "*", "@vercel/postgres": ">=0.8.0", "@xata.io/client": "*", "better-sqlite3": ">=7", "bun-types": "*", "expo-sqlite": ">=14.0.0", "knex": "*", "kysely": "*", "mysql2": ">=2", "pg": ">=8", "postgres": ">=3", "react": ">=18", "sql.js": ">=1", "sqlite3": ">=5" }, "optionalPeers": ["@aws-sdk/client-rds-data", "@cloudflare/workers-types", "@electric-sql/pglite", "@libsql/client", "@libsql/client-wasm", "@neondatabase/serverless", "@op-engineering/op-sqlite", "@opentelemetry/api", "@planetscale/database", "@prisma/client", "@tidbcloud/serverless", "@types/better-sqlite3", "@types/pg", "@types/react", "@types/sql.js", "@vercel/postgres", "@xata.io/client", "better-sqlite3", "bun-types", "expo-sqlite", "knex", "kysely", "mysql2", "pg", "postgres", "react", "sql.js", "sqlite3"] }, "sha512-1OZY3PXD7BR00Gl61UUOFihslDldfH4NFRH2MbP54Yxi0G/PKn4HfO65JYZ7c16DeP3SpM3Aw+VXVG9j6CRSXA=="],

    "js-tokens": ["js-tokens@4.0.0", "", {}, "sha512-RdJUflcE3cUzKiMqQgsCu06FPu9UdIJO0beYbPhHN4k6apgJtifcoCtT9bcxOpYBtpD2kCM6Sbzg4CausW/PKQ=="],

    "loose-envify": ["loose-envify@1.4.0", "", { "dependencies": { "js-tokens": "^3.0.0 || ^4.0.0" }, "bin": { "loose-envify": "cli.js" } }, "sha512-lyuxPGr/Wfhrlem2CL/UcnUc1zcqKAImBDzukY7Y5F/yQiNdko6+fRLevlw1HgMySw7f611UIY408EtxRSoK3Q=="],

    "react": ["react@18.3.1", "", { "dependencies": { "loose-envify": "^1.1.0" } }, "sha512-wS+hAgJShR0KhEvPJArfuPVN1+Hz1t0Y6n5jLrGQbkb4urgPE/0Rve+1kMB1v/oWgHgm4WIcV+i7F2pTVj+2iQ=="],

    "react-reconciler": ["react-reconciler@0.29.2", "", { "dependencies": { "loose-envify": "^1.1.0", "scheduler": "^0.23.2" }, "peerDependencies": { "react": "^18.3.1" } }, "sha512-zZQqIiYgDCTP/f1N/mAR10nJGrPD2ZR+jDSEsKWJHYC7Cm2wodlwbR3upZRdC3cjIjSlTLNVyO7Iu0Yy7t2AYg=="],

    "scheduler": ["scheduler@0.23.2", "", { "dependencies": { "loose-envify": "^1.1.0" } }, "sha512-UOShsPwz7NrMUqhR6t0hWjFduvOzbtv7toDH1/hIrfRNIDBnnBWd0CwJTGvTpngVlmwGCdP9/Zl/tVrDqcuYzQ=="],
  }
}
